
Microsoft Visual Studio Solution File, Format Version 12.00
# Visual Studio 15
VisualStudioVersion = 15.0.28010.2036
MinimumVisualStudioVersion = 10.0.40219.1
Project("{FAE04EC0-301F-11D3-BF4B-00C04F79EFBC}") = "QRCode", "QRCode\QRCode.csproj", "{36D31F41-6404-4B47-9351-9E064CE0674A}"
EndProject
Global
	GlobalSection(SolutionConfigurationPlatforms) = preSolution
		Debug|Any CPU = Debug|Any CPU
		Release|Any CPU = Release|Any CPU
	EndGlobalSection
	GlobalSection(ProjectConfigurationPlatforms) = postSolution
		{36D31F41-6404-4B47-9351-9E064CE0674A}.Debug|Any CPU.ActiveCfg = Debug|Any CPU
		{36D31F41-6404-4B47-9351-9E064CE0674A}.Debug|Any CPU.Build.0 = Debug|Any CPU
		{36D31F41-6404-4B47-9351-9E064CE0674A}.Release|Any CPU.ActiveCfg = Release|Any CPU
		{36D31F41-6404-4B47-9351-9E064CE0674A}.Release|Any CPU.Build.0 = Release|Any CPU
	EndGlobalSection
	GlobalSection(SolutionProperties) = preSolution
		HideSolutionNode = FALSE
	EndGlobalSection
	GlobalSection(ExtensibilityGlobals) = postSolution
		SolutionGuid = {C594D112-A238-47E8-84AA-DB4D1E221EBD}
	EndGlobalSection
EndGlobal
